{
  "meteor": {},
  "dependencies": {
    "basePackages": {
      "bootstrap3-datetimepicker": {
        "git": "https://github.com/tsega/meteor-bootstrap3-datetimepicker",
        "branch": "master"
      }
    },
    "packages": {
      "bootstrap3-datetimepicker": {
        "git": "https://github.com/tsega/meteor-bootstrap3-datetimepicker",
        "branch": "master",
        "commit": "79d21b254637f1997740a9984fae25d3bf8b66cb"
      }
    }
  }
}
